
Microsoft Visual Studio Solution File, Format Version 12.00
# Visual Studio Version 17
VisualStudioVersion = 17.0.31919.166
MinimumVisualStudioVersion = 10.0.40219.1
Project("{8BC9CEB8-8B4A-11D0-8D11-00A0C91BC942}") = "day16", "day16.vcxproj", "{41906476-794B-485A-9254-9C3EF1E63E39}"
EndProject
Global
	GlobalSection(SolutionConfigurationPlatforms) = preSolution
		Debug|x64 = Debug|x64
		Debug|x86 = Debug|x86
		Release|x64 = Release|x64
		Release|x86 = Release|x86
	EndGlobalSection
	GlobalSection(ProjectConfigurationPlatforms) = postSolution
		{41906476-794B-485A-9254-9C3EF1E63E39}.Debug|x64.ActiveCfg = Debug|x64
		{41906476-794B-485A-9254-9C3EF1E63E39}.Debug|x64.Build.0 = Debug|x64
		{41906476-794B-485A-9254-9C3EF1E63E39}.Debug|x86.ActiveCfg = Debug|Win32
		{41906476-794B-485A-9254-9C3EF1E63E39}.Debug|x86.Build.0 = Debug|Win32
		{41906476-794B-485A-9254-9C3EF1E63E39}.Release|x64.ActiveCfg = Release|x64
		{41906476-794B-485A-9254-9C3EF1E63E39}.Release|x64.Build.0 = Release|x64
		{41906476-794B-485A-9254-9C3EF1E63E39}.Release|x86.ActiveCfg = Release|Win32
		{41906476-794B-485A-9254-9C3EF1E63E39}.Release|x86.Build.0 = Release|Win32
	EndGlobalSection
	GlobalSection(SolutionProperties) = preSolution
		HideSolutionNode = FALSE
	EndGlobalSection
	GlobalSection(ExtensibilityGlobals) = postSolution
		SolutionGuid = {068B140C-7A38-4620-98BC-E6DB8FED0360}
	EndGlobalSection
EndGlobal
