
Microsoft Visual Studio Solution File, Format Version 12.00
# Visual Studio Version 17
VisualStudioVersion = 17.0.31919.166
MinimumVisualStudioVersion = 10.0.40219.1
Project("{8BC9CEB8-8B4A-11D0-8D11-00A0C91BC942}") = "Lecture11", "Lecture11.vcxproj", "{83481104-E046-4F6F-BFD0-752EBF9046DA}"
EndProject
Global
	GlobalSection(SolutionConfigurationPlatforms) = preSolution
		Debug|x64 = Debug|x64
		Debug|x86 = Debug|x86
		Release|x64 = Release|x64
		Release|x86 = Release|x86
	EndGlobalSection
	GlobalSection(ProjectConfigurationPlatforms) = postSolution
		{83481104-E046-4F6F-BFD0-752EBF9046DA}.Debug|x64.ActiveCfg = Debug|x64
		{83481104-E046-4F6F-BFD0-752EBF9046DA}.Debug|x64.Build.0 = Debug|x64
		{83481104-E046-4F6F-BFD0-752EBF9046DA}.Debug|x86.ActiveCfg = Debug|Win32
		{83481104-E046-4F6F-BFD0-752EBF9046DA}.Debug|x86.Build.0 = Debug|Win32
		{83481104-E046-4F6F-BFD0-752EBF9046DA}.Release|x64.ActiveCfg = Release|x64
		{83481104-E046-4F6F-BFD0-752EBF9046DA}.Release|x64.Build.0 = Release|x64
		{83481104-E046-4F6F-BFD0-752EBF9046DA}.Release|x86.ActiveCfg = Release|Win32
		{83481104-E046-4F6F-BFD0-752EBF9046DA}.Release|x86.Build.0 = Release|Win32
	EndGlobalSection
	GlobalSection(SolutionProperties) = preSolution
		HideSolutionNode = FALSE
	EndGlobalSection
	GlobalSection(ExtensibilityGlobals) = postSolution
		SolutionGuid = {1DFE63E6-D8C2-4BAC-AEA2-580A2A1912C7}
	EndGlobalSection
EndGlobal
