
Microsoft Visual Studio Solution File, Format Version 12.00
# Visual Studio Version 17
VisualStudioVersion = 17.0.31919.166
MinimumVisualStudioVersion = 10.0.40219.1
Project("{8BC9CEB8-8B4A-11D0-8D11-00A0C91BC942}") = "homework_14", "homework_14.vcxproj", "{CBFF2B00-4566-43F1-B73C-5E4170C7879E}"
EndProject
Global
	GlobalSection(SolutionConfigurationPlatforms) = preSolution
		Debug|x64 = Debug|x64
		Debug|x86 = Debug|x86
		Release|x64 = Release|x64
		Release|x86 = Release|x86
	EndGlobalSection
	GlobalSection(ProjectConfigurationPlatforms) = postSolution
		{CBFF2B00-4566-43F1-B73C-5E4170C7879E}.Debug|x64.ActiveCfg = Debug|x64
		{CBFF2B00-4566-43F1-B73C-5E4170C7879E}.Debug|x64.Build.0 = Debug|x64
		{CBFF2B00-4566-43F1-B73C-5E4170C7879E}.Debug|x86.ActiveCfg = Debug|Win32
		{CBFF2B00-4566-43F1-B73C-5E4170C7879E}.Debug|x86.Build.0 = Debug|Win32
		{CBFF2B00-4566-43F1-B73C-5E4170C7879E}.Release|x64.ActiveCfg = Release|x64
		{CBFF2B00-4566-43F1-B73C-5E4170C7879E}.Release|x64.Build.0 = Release|x64
		{CBFF2B00-4566-43F1-B73C-5E4170C7879E}.Release|x86.ActiveCfg = Release|Win32
		{CBFF2B00-4566-43F1-B73C-5E4170C7879E}.Release|x86.Build.0 = Release|Win32
	EndGlobalSection
	GlobalSection(SolutionProperties) = preSolution
		HideSolutionNode = FALSE
	EndGlobalSection
	GlobalSection(ExtensibilityGlobals) = postSolution
		SolutionGuid = {778DD15D-21FC-4270-9F35-2D60A888C1FE}
	EndGlobalSection
EndGlobal
