
Microsoft Visual Studio Solution File, Format Version 12.00
# Visual Studio Version 17
VisualStudioVersion = 17.0.31919.166
MinimumVisualStudioVersion = 10.0.40219.1
Project("{8BC9CEB8-8B4A-11D0-8D11-00A0C91BC942}") = "Lecuture1_20220417", "Lecuture1_20220417.vcxproj", "{AEDDEF38-C260-4A55-919C-B5CACB04D269}"
EndProject
Global
	GlobalSection(SolutionConfigurationPlatforms) = preSolution
		Debug|x64 = Debug|x64
		Debug|x86 = Debug|x86
		Release|x64 = Release|x64
		Release|x86 = Release|x86
	EndGlobalSection
	GlobalSection(ProjectConfigurationPlatforms) = postSolution
		{AEDDEF38-C260-4A55-919C-B5CACB04D269}.Debug|x64.ActiveCfg = Debug|x64
		{AEDDEF38-C260-4A55-919C-B5CACB04D269}.Debug|x64.Build.0 = Debug|x64
		{AEDDEF38-C260-4A55-919C-B5CACB04D269}.Debug|x86.ActiveCfg = Debug|Win32
		{AEDDEF38-C260-4A55-919C-B5CACB04D269}.Debug|x86.Build.0 = Debug|Win32
		{AEDDEF38-C260-4A55-919C-B5CACB04D269}.Release|x64.ActiveCfg = Release|x64
		{AEDDEF38-C260-4A55-919C-B5CACB04D269}.Release|x64.Build.0 = Release|x64
		{AEDDEF38-C260-4A55-919C-B5CACB04D269}.Release|x86.ActiveCfg = Release|Win32
		{AEDDEF38-C260-4A55-919C-B5CACB04D269}.Release|x86.Build.0 = Release|Win32
	EndGlobalSection
	GlobalSection(SolutionProperties) = preSolution
		HideSolutionNode = FALSE
	EndGlobalSection
	GlobalSection(ExtensibilityGlobals) = postSolution
		SolutionGuid = {9B4BE11F-F465-4716-A384-6B7008216009}
	EndGlobalSection
EndGlobal
