
Microsoft Visual Studio Solution File, Format Version 12.00
# Visual Studio Version 16
VisualStudioVersion = 16.0.32602.291
MinimumVisualStudioVersion = 10.0.40219.1
Project("{8BC9CEB8-8B4A-11D0-8D11-00A0C91BC942}") = "Lecture2_20220709", "Lecture2_20220709.vcxproj", "{CB32688B-27CD-453D-9225-C7EB75DC4A79}"
EndProject
Global
	GlobalSection(SolutionConfigurationPlatforms) = preSolution
		Debug|x64 = Debug|x64
		Debug|x86 = Debug|x86
		Release|x64 = Release|x64
		Release|x86 = Release|x86
	EndGlobalSection
	GlobalSection(ProjectConfigurationPlatforms) = postSolution
		{CB32688B-27CD-453D-9225-C7EB75DC4A79}.Debug|x64.ActiveCfg = Debug|x64
		{CB32688B-27CD-453D-9225-C7EB75DC4A79}.Debug|x64.Build.0 = Debug|x64
		{CB32688B-27CD-453D-9225-C7EB75DC4A79}.Debug|x86.ActiveCfg = Debug|Win32
		{CB32688B-27CD-453D-9225-C7EB75DC4A79}.Debug|x86.Build.0 = Debug|Win32
		{CB32688B-27CD-453D-9225-C7EB75DC4A79}.Release|x64.ActiveCfg = Release|x64
		{CB32688B-27CD-453D-9225-C7EB75DC4A79}.Release|x64.Build.0 = Release|x64
		{CB32688B-27CD-453D-9225-C7EB75DC4A79}.Release|x86.ActiveCfg = Release|Win32
		{CB32688B-27CD-453D-9225-C7EB75DC4A79}.Release|x86.Build.0 = Release|Win32
	EndGlobalSection
	GlobalSection(SolutionProperties) = preSolution
		HideSolutionNode = FALSE
	EndGlobalSection
	GlobalSection(ExtensibilityGlobals) = postSolution
		SolutionGuid = {03D2CE93-5E78-41BA-8FE6-4CB6C7AD3A8A}
	EndGlobalSection
EndGlobal
