
Microsoft Visual Studio Solution File, Format Version 12.00
# Visual Studio Version 17
VisualStudioVersion = 17.0.31919.166
MinimumVisualStudioVersion = 10.0.40219.1
Project("{8BC9CEB8-8B4A-11D0-8D11-00A0C91BC942}") = "Lecture5", "Lecture5.vcxproj", "{20A0E8A1-ED76-4854-AE8B-82E253778D60}"
EndProject
Global
	GlobalSection(SolutionConfigurationPlatforms) = preSolution
		Debug|x64 = Debug|x64
		Debug|x86 = Debug|x86
		Release|x64 = Release|x64
		Release|x86 = Release|x86
	EndGlobalSection
	GlobalSection(ProjectConfigurationPlatforms) = postSolution
		{20A0E8A1-ED76-4854-AE8B-82E253778D60}.Debug|x64.ActiveCfg = Debug|x64
		{20A0E8A1-ED76-4854-AE8B-82E253778D60}.Debug|x64.Build.0 = Debug|x64
		{20A0E8A1-ED76-4854-AE8B-82E253778D60}.Debug|x86.ActiveCfg = Debug|Win32
		{20A0E8A1-ED76-4854-AE8B-82E253778D60}.Debug|x86.Build.0 = Debug|Win32
		{20A0E8A1-ED76-4854-AE8B-82E253778D60}.Release|x64.ActiveCfg = Release|x64
		{20A0E8A1-ED76-4854-AE8B-82E253778D60}.Release|x64.Build.0 = Release|x64
		{20A0E8A1-ED76-4854-AE8B-82E253778D60}.Release|x86.ActiveCfg = Release|Win32
		{20A0E8A1-ED76-4854-AE8B-82E253778D60}.Release|x86.Build.0 = Release|Win32
	EndGlobalSection
	GlobalSection(SolutionProperties) = preSolution
		HideSolutionNode = FALSE
	EndGlobalSection
	GlobalSection(ExtensibilityGlobals) = postSolution
		SolutionGuid = {3971AFC2-8AD7-4624-BEAE-5BFAD716FF3F}
	EndGlobalSection
EndGlobal
